
Microsoft Visual Studio Solution File, Format Version 12.00
# Visual Studio Version 17
VisualStudioVersion = 17.2.32616.157
MinimumVisualStudioVersion = 10.0.40219.1
Project("{FAE04EC0-301F-11D3-BF4B-00C04F79EFBC}") = "TelegramBot_Si02", "TelegramBot_Si02\TelegramBot_Si02.csproj", "{F6D3F8D2-DBA8-4413-907B-17B7B9691821}"
EndProject
Global
	GlobalSection(SolutionConfigurationPlatforms) = preSolution
		Debug|Any CPU = Debug|Any CPU
		Release|Any CPU = Release|Any CPU
	EndGlobalSection
	GlobalSection(ProjectConfigurationPlatforms) = postSolution
		{F6D3F8D2-DBA8-4413-907B-17B7B9691821}.Debug|Any CPU.ActiveCfg = Debug|Any CPU
		{F6D3F8D2-DBA8-4413-907B-17B7B9691821}.Debug|Any CPU.Build.0 = Debug|Any CPU
		{F6D3F8D2-DBA8-4413-907B-17B7B9691821}.Release|Any CPU.ActiveCfg = Release|Any CPU
		{F6D3F8D2-DBA8-4413-907B-17B7B9691821}.Release|Any CPU.Build.0 = Release|Any CPU
	EndGlobalSection
	GlobalSection(SolutionProperties) = preSolution
		HideSolutionNode = FALSE
	EndGlobalSection
	GlobalSection(ExtensibilityGlobals) = postSolution
		SolutionGuid = {9A949E29-62FE-4EC3-BBE6-43B0000EA563}
	EndGlobalSection
EndGlobal
